
Microsoft Visual Studio Solution File, Format Version 12.00
# Visual Studio 14
VisualStudioVersion = 14.0.23107.0
MinimumVisualStudioVersion = 10.0.40219.1
Project("{FAE04EC0-301F-11D3-BF4B-00C04F79EFBC}") = "Framework.DataAccessGateway.Schema", "Framework.DataAccessGateway.Schema\Framework.DataAccessGateway.Schema.csproj", "{0A6FCD09-7DCE-4CA7-B665-2C58CC8B5245}"
EndProject
Project("{FAE04EC0-301F-11D3-BF4B-00C04F79EFBC}") = "Debug", "Debug\Debug.csproj", "{3AE80A78-D82F-4C52-BD51-F767897E96A4}"
EndProject
Project("{FAE04EC0-301F-11D3-BF4B-00C04F79EFBC}") = "UnitTest", "UnitTest\UnitTest.csproj", "{F997FECD-7E2D-4FC5-B2A2-A3E34BE70CCB}"
EndProject
Global
	GlobalSection(SolutionConfigurationPlatforms) = preSolution
		Debug|Any CPU = Debug|Any CPU
		Release|Any CPU = Release|Any CPU
	EndGlobalSection
	GlobalSection(ProjectConfigurationPlatforms) = postSolution
		{0A6FCD09-7DCE-4CA7-B665-2C58CC8B5245}.Debug|Any CPU.ActiveCfg = Debug|Any CPU
		{0A6FCD09-7DCE-4CA7-B665-2C58CC8B5245}.Debug|Any CPU.Build.0 = Debug|Any CPU
		{0A6FCD09-7DCE-4CA7-B665-2C58CC8B5245}.Release|Any CPU.ActiveCfg = Release|Any CPU
		{0A6FCD09-7DCE-4CA7-B665-2C58CC8B5245}.Release|Any CPU.Build.0 = Release|Any CPU
		{3AE80A78-D82F-4C52-BD51-F767897E96A4}.Debug|Any CPU.ActiveCfg = Debug|Any CPU
		{3AE80A78-D82F-4C52-BD51-F767897E96A4}.Debug|Any CPU.Build.0 = Debug|Any CPU
		{3AE80A78-D82F-4C52-BD51-F767897E96A4}.Release|Any CPU.ActiveCfg = Release|Any CPU
		{3AE80A78-D82F-4C52-BD51-F767897E96A4}.Release|Any CPU.Build.0 = Release|Any CPU
		{F997FECD-7E2D-4FC5-B2A2-A3E34BE70CCB}.Debug|Any CPU.ActiveCfg = Debug|Any CPU
		{F997FECD-7E2D-4FC5-B2A2-A3E34BE70CCB}.Debug|Any CPU.Build.0 = Debug|Any CPU
		{F997FECD-7E2D-4FC5-B2A2-A3E34BE70CCB}.Release|Any CPU.ActiveCfg = Release|Any CPU
		{F997FECD-7E2D-4FC5-B2A2-A3E34BE70CCB}.Release|Any CPU.Build.0 = Release|Any CPU
	EndGlobalSection
	GlobalSection(SolutionProperties) = preSolution
		HideSolutionNode = FALSE
	EndGlobalSection
EndGlobal
